// !$*UTF8*$!
{
	archiveVersion = 1;
	classes = {
	};
	objectVersion = 46;
	objects = {

/* Begin PBXBuildFile section */
		00DBB169AFB0CB3161226B86 /* MainUI.storyboard in Resources */ = {isa = PBXBuildFile; fileRef = 2B397D3291C3EE6D98E6152D /* MainUI.storyboard */; };
		07D0CAE893B747C55090CF7F /* main.cpp in Sources */ = {isa = PBXBuildFile; fileRef = 85DE04C62B7FED24577FB4B0 /* main.cpp */; };
		0D2AD088F0B5A56DF22420E5 /* main.cpp in Sources */ = {isa = PBXBuildFile; fileRef = 85DE04C62B7FED24577FB4B0 /* main.cpp */; };
		2BEDC6EC773F5E99E88D7B56 /* LaunchScreen.xib in Resources */ = {isa = PBXBuildFile; fileRef = 1A845A4F8921805BE83B47B7 /* LaunchScreen.xib */; };
		2D73D74AD85964941C040A8B /* moe-main-interfaces.m in Sources */ = {isa = PBXBuildFile; fileRef = 6F59947CE61A8F705E5DF324 /* moe-main-interfaces.m */; };
		33D871090F2B25F6B9D995A6 /* classlist.txt in Resources */ = {isa = PBXBuildFile; fileRef = 0AA87E81D66495B0385BA5F7 /* classlist.txt */; };
		BDD21E7BEF4573AFE9B76692 /* preregister.txt in Resources */ = {isa = PBXBuildFile; fileRef = A956602F32064B25ADFE3227 /* preregister.txt */; };
		D9A0DA96498C740D889BC817 /* application.jar in Resources */ = {isa = PBXBuildFile; fileRef = BF83BA36E413C0EE9968D759 /* application.jar */; };
/* End PBXBuildFile section */

/* Begin PBXCopyFilesBuildPhase section */
		362D135E5943DBC23BF6B1DA /* Embed Frameworks */ = {
			isa = PBXCopyFilesBuildPhase;
			buildActionMask = 2147483647;
			dstPath = "";
			dstSubfolderSpec = 10;
			files = (
			);
			name = "Embed Frameworks";
			runOnlyForDeploymentPostprocessing = 0;
		};
		62413689E955D24128D5B820 /* Embed Frameworks */ = {
			isa = PBXCopyFilesBuildPhase;
			buildActionMask = 2147483647;
			dstPath = "";
			dstSubfolderSpec = 10;
			files = (
			);
			name = "Embed Frameworks";
			runOnlyForDeploymentPostprocessing = 0;
		};
/* End PBXCopyFilesBuildPhase section */

/* Begin PBXFileReference section */
		0AA87E81D66495B0385BA5F7 /* classlist.txt */ = {isa = PBXFileReference; lastKnownFileType = text; name = classlist.txt; path = ../build/moe/test/classlist.txt; sourceTree = SOURCE_ROOT; };
		1A845A4F8921805BE83B47B7 /* LaunchScreen.xib */ = {isa = PBXFileReference; lastKnownFileType = file.xib; name = LaunchScreen.xib; path = ../src/main/resources/LaunchScreen.xib; sourceTree = SOURCE_ROOT; };
		2B397D3291C3EE6D98E6152D /* MainUI.storyboard */ = {isa = PBXFileReference; lastKnownFileType = file.storyboard; name = MainUI.storyboard; path = ../src/main/resources/MainUI.storyboard; sourceTree = SOURCE_ROOT; };
		3E4B5CCCA639B8ECDD1A1A94 /* application.jar */ = {isa = PBXFileReference; lastKnownFileType = archive.jar; name = application.jar; path = ../build/moe/main/application.jar; sourceTree = SOURCE_ROOT; };
		62FDEC7AB877D4DD33EB95F4 /* build.xcconfig */ = {isa = PBXFileReference; lastKnownFileType = text.xcconfig; path = build.xcconfig; sourceTree = "<group>"; };
		6DD091D1ED9328178565173C /* Info-Test.plist */ = {isa = PBXFileReference; lastKnownFileType = text.plist.xml; name = "Info-Test.plist"; path = "Calculator-Test/Info-Test.plist"; sourceTree = SOURCE_ROOT; };
		6F59947CE61A8F705E5DF324 /* moe-main-interfaces.m */ = {isa = PBXFileReference; lastKnownFileType = sourcecode.c.objc; name = "moe-main-interfaces.m"; path = "../build/moe/main/ui-headers/moe-main-interfaces.m"; sourceTree = "<group>"; };
		83CBA74F986DB7917163E8A9 /* Calculator-Test.app */ = {isa = PBXFileReference; explicitFileType = wrapper.application; includeInIndex = 0; path = "Calculator-Test.app"; sourceTree = BUILT_PRODUCTS_DIR; };
		85DE04C62B7FED24577FB4B0 /* main.cpp */ = {isa = PBXFileReference; lastKnownFileType = sourcecode.cpp.cpp; path = main.cpp; sourceTree = "<group>"; };
		A956602F32064B25ADFE3227 /* preregister.txt */ = {isa = PBXFileReference; lastKnownFileType = text; name = preregister.txt; path = ../build/moe/test/preregister.txt; sourceTree = SOURCE_ROOT; };
		B1EC2E0308204D3207763865 /* preregister.txt */ = {isa = PBXFileReference; lastKnownFileType = text; name = preregister.txt; path = ../build/moe/main/preregister.txt; sourceTree = SOURCE_ROOT; };
		BD1FC26D35336BCCDF5BC9F6 /* Calculator.app */ = {isa = PBXFileReference; explicitFileType = wrapper.application; includeInIndex = 0; path = Calculator.app; sourceTree = BUILT_PRODUCTS_DIR; };
		BF83BA36E413C0EE9968D759 /* application.jar */ = {isa = PBXFileReference; lastKnownFileType = archive.jar; name = application.jar; path = ../build/moe/test/application.jar; sourceTree = SOURCE_ROOT; };
		C949E9C1CA6A694F9DF91D79 /* Info.plist */ = {isa = PBXFileReference; lastKnownFileType = text.plist.xml; name = Info.plist; path = Calculator/Info.plist; sourceTree = SOURCE_ROOT; };
		FE2C010386636D9ECFF023D6 /* build.xcconfig */ = {isa = PBXFileReference; lastKnownFileType = text.xcconfig; path = build.xcconfig; sourceTree = "<group>"; };
/* End PBXFileReference section */

/* Begin PBXFrameworksBuildPhase section */
		78A5D4DA82412C3C08C95158 /* Frameworks */ = {
			isa = PBXFrameworksBuildPhase;
			buildActionMask = 2147483647;
			files = (
			);
			runOnlyForDeploymentPostprocessing = 0;
		};
		AC0CACACE9369E8142768C2B /* Frameworks */ = {
			isa = PBXFrameworksBuildPhase;
			buildActionMask = 2147483647;
			files = (
			);
			runOnlyForDeploymentPostprocessing = 0;
		};
/* End PBXFrameworksBuildPhase section */

/* Begin PBXGroup section */
		03163FC62E1941C2B7C70BF3 /* Supporting Files */ = {
			isa = PBXGroup;
			children = (
				62FDEC7AB877D4DD33EB95F4 /* build.xcconfig */,
				6DD091D1ED9328178565173C /* Info-Test.plist */,
				A956602F32064B25ADFE3227 /* preregister.txt */,
				BF83BA36E413C0EE9968D759 /* application.jar */,
				0AA87E81D66495B0385BA5F7 /* classlist.txt */,
			);
			name = "Supporting Files";
			sourceTree = "<group>";
		};
		07E0DC9D4B6D46FC1ED5A0A6 /* Calculator-Test */ = {
			isa = PBXGroup;
			children = (
				03163FC62E1941C2B7C70BF3 /* Supporting Files */,
			);
			path = "Calculator-Test";
			sourceTree = "<group>";
		};
		0C2BF85CCC8B29DB7F7DDAE4 /* Supporting Files */ = {
			isa = PBXGroup;
			children = (
				85DE04C62B7FED24577FB4B0 /* main.cpp */,
				FE2C010386636D9ECFF023D6 /* build.xcconfig */,
				C949E9C1CA6A694F9DF91D79 /* Info.plist */,
				B1EC2E0308204D3207763865 /* preregister.txt */,
				3E4B5CCCA639B8ECDD1A1A94 /* application.jar */,
				1A845A4F8921805BE83B47B7 /* LaunchScreen.xib */,
				2B397D3291C3EE6D98E6152D /* MainUI.storyboard */,
			);
			name = "Supporting Files";
			sourceTree = "<group>";
		};
		3282740F915581F930196891 = {
			isa = PBXGroup;
			children = (
				86B8F0E712EE21876A760053 /* Calculator */,
				07E0DC9D4B6D46FC1ED5A0A6 /* Calculator-Test */,
				B1407D9D92FDC366C97146BE /* Frameworks */,
				E90812EABFF9B57E2CFB3552 /* Products */,
				75F92C4774C632F4E3904934 /* Multi-OS Engine */,
			);
			sourceTree = "<group>";
		};
		75F92C4774C632F4E3904934 /* Multi-OS Engine */ = {
			isa = PBXGroup;
			children = (
				6F59947CE61A8F705E5DF324 /* moe-main-interfaces.m */,
			);
			name = "Multi-OS Engine";
			sourceTree = "<group>";
		};
		86B8F0E712EE21876A760053 /* Calculator */ = {
			isa = PBXGroup;
			children = (
				0C2BF85CCC8B29DB7F7DDAE4 /* Supporting Files */,
			);
			path = Calculator;
			sourceTree = "<group>";
		};
		B1407D9D92FDC366C97146BE /* Frameworks */ = {
			isa = PBXGroup;
			children = (
			);
			path = Frameworks;
			sourceTree = "<group>";
		};
		E90812EABFF9B57E2CFB3552 /* Products */ = {
			isa = PBXGroup;
			children = (
				BD1FC26D35336BCCDF5BC9F6 /* Calculator.app */,
				83CBA74F986DB7917163E8A9 /* Calculator-Test.app */,
			);
			path = Products;
			sourceTree = "<group>";
		};
/* End PBXGroup section */

/* Begin PBXNativeTarget section */
		081886A28321B95F84342A36 /* Calculator */ = {
			isa = PBXNativeTarget;
			buildConfigurationList = BF31D491866F5FEDC3B3D9A6 /* Build configuration list for PBXNativeTarget "Calculator" */;
			buildPhases = (
				7D6AC5BB5D0C560997EBA34E /* Compile Sources (MOE) */,
				78A5D4DA82412C3C08C95158 /* Frameworks */,
				8E6D112063396A5839EAA116 /* Resources */,
				E3CD16FEE64E7480924B5641 /* Sources */,
				62413689E955D24128D5B820 /* Embed Frameworks */,
			);
			buildRules = (
			);
			dependencies = (
			);
			name = Calculator;
			productName = Calculator;
			productReference = BD1FC26D35336BCCDF5BC9F6 /* Calculator.app */;
			productType = "com.apple.product-type.application";
		};
		266EE34543D5BE2864B59402 /* Calculator-Test */ = {
			isa = PBXNativeTarget;
			buildConfigurationList = 54E3C450528B797AD37DA587 /* Build configuration list for PBXNativeTarget "Calculator-Test" */;
			buildPhases = (
				4594851D596136C5C3574130 /* Compile Sources (MOE) */,
				AC0CACACE9369E8142768C2B /* Frameworks */,
				20855DE424C2F94E03AD6C15 /* Resources */,
				6FC0E1CF37F723289147CBCA /* Sources */,
				362D135E5943DBC23BF6B1DA /* Embed Frameworks */,
			);
			buildRules = (
			);
			dependencies = (
			);
			name = "Calculator-Test";
			productName = "Calculator-Test";
			productReference = 83CBA74F986DB7917163E8A9 /* Calculator-Test.app */;
			productType = "com.apple.product-type.application";
		};
/* End PBXNativeTarget section */

/* Begin PBXProject section */
		E8754E9829B30FFA914E7B50 /* Project object */ = {
			isa = PBXProject;
			attributes = {
				ORGANIZATIONNAME = "My Company";
				TargetAttributes = {
					081886A28321B95F84342A36 = {
						DevelopmentTeam = 3GQTHH242N;
					};
				};
			};
			buildConfigurationList = 95D16CAB8CB4D374A5643D2D /* Build configuration list for PBXProject "Calculator" */;
			compatibilityVersion = "Xcode 3.2";
			developmentRegion = English;
			hasScannedForEncodings = 0;
			knownRegions = (
				English,
				en,
				Base,
			);
			mainGroup = 3282740F915581F930196891;
			productRefGroup = E90812EABFF9B57E2CFB3552 /* Products */;
			projectDirPath = "";
			projectRoot = "";
			targets = (
				081886A28321B95F84342A36 /* Calculator */,
				266EE34543D5BE2864B59402 /* Calculator-Test */,
			);
		};
/* End PBXProject section */

/* Begin PBXResourcesBuildPhase section */
		20855DE424C2F94E03AD6C15 /* Resources */ = {
			isa = PBXResourcesBuildPhase;
			buildActionMask = 2147483647;
			files = (
				BDD21E7BEF4573AFE9B76692 /* preregister.txt in Resources */,
				D9A0DA96498C740D889BC817 /* application.jar in Resources */,
				33D871090F2B25F6B9D995A6 /* classlist.txt in Resources */,
			);
			runOnlyForDeploymentPostprocessing = 0;
		};
		8E6D112063396A5839EAA116 /* Resources */ = {
			isa = PBXResourcesBuildPhase;
			buildActionMask = 2147483647;
			files = (
				2BEDC6EC773F5E99E88D7B56 /* LaunchScreen.xib in Resources */,
				00DBB169AFB0CB3161226B86 /* MainUI.storyboard in Resources */,
			);
			runOnlyForDeploymentPostprocessing = 0;
		};
/* End PBXResourcesBuildPhase section */

/* Begin PBXShellScriptBuildPhase section */
		4594851D596136C5C3574130 /* Compile Sources (MOE) */ = {
			isa = PBXShellScriptBuildPhase;
			buildActionMask = 2147483647;
			files = (
			);
			inputPaths = (
			);
			name = "Compile Sources (MOE)";
			outputPaths = (
			);
			runOnlyForDeploymentPostprocessing = 0;
			shellPath = /bin/bash;
			shellScript = "set -e\n\nexport MOE_BUILD_SOURCE_SET=\"test\"\n\n# Check project directory\nif [ ! -d \"$MOE_PROJECT_DIR\" ]; then\n    echo \"$0:$LINENO:1: error: 'MOE_PROJECT_DIR' doesn't point to a directory!\"; exit 1;\nfi\ncd \"$MOE_PROJECT_DIR\"\n\n# Export JAVA_HOME\nexport JAVA_HOME=$(/usr/libexec/java_home -v 1.8)\n\n# Utility function for finding the Gradle implementation\nfunction findGradle {\n    CD=\"$PWD\"\n    while [ \"$CD\" != \"\" ]; do\n        echo \"Looking for gradlew in $CD\"\n        if [ -x \"$CD/gradlew\" ]; then\n            GRADLE_EXEC=$CD/gradlew\n            return 0\n        fi\n        CD=\"${CD%/*}\"\n    done\n\n    echo \"Checking with 'which'\"\n    GRADLE_EXEC=$(which 'gradle')\n\n    if [ \"$GRADLE_EXEC\" = \"\" ]; then\n        echo \"Failed to locate 'gradle' executable!\"\n        exit 1\n    fi\n}\n\n# Build project with Gradle\nif [ -z \"$MOE_GRADLE_EXTERNAL_BUILD\" ]; then\n    findGradle\n    \"$GRADLE_EXEC\" --no-daemon moeXcodeInternal -s\nfi\n\n# Check output directory\nif [ ! -d \"${MOE_PROJECT_BUILD_DIR}\" ]; then\n    echo \"$0:$LINENO:1: error: 'MOE_PROJECT_BUILD_DIR' doesn't point to a directory!\"; exit 1;\nfi\n\n# Copy some resources\nmkdir -p \"${TARGET_BUILD_DIR}/${UNLOCALIZED_RESOURCES_FOLDER_PATH}\"\n#cp \"${MOE_PROJECT_BUILD_DIR}/moe/${MOE_BUILD_SOURCE_SET}/application.jar\" \"${TARGET_BUILD_DIR}/${UNLOCALIZED_RESOURCES_FOLDER_PATH}/\"\ncp \"${MOE_PROJECT_BUILD_DIR}/moe/${MOE_BUILD_SOURCE_SET}/preregister.txt\" \"${TARGET_BUILD_DIR}/${UNLOCALIZED_RESOURCES_FOLDER_PATH}/\"\nif [ \"${MOE_BUILD_SOURCE_SET}\" == \"test\" ]; then\n    cp \"${MOE_PROJECT_BUILD_DIR}/moe/${MOE_BUILD_SOURCE_SET}/classlist.txt\" \"${TARGET_BUILD_DIR}/${UNLOCALIZED_RESOURCES_FOLDER_PATH}/\"\nfi\n\n## Copy android CA certificates on demand\n#if [ \"${MOE_COPY_ANDROID_CACERTS}\" == \"YES\" ]; then\n#    rm -rf \"${TARGET_BUILD_DIR}/${UNLOCALIZED_RESOURCES_FOLDER_PATH}/android_root/etc/security/cacerts\"\n#    mkdir -p \"${TARGET_BUILD_DIR}/${UNLOCALIZED_RESOURCES_FOLDER_PATH}/android_root/etc/security/cacerts\"\n#    unzip \"${MOE_SDK_PATH}/sdk/moe-core-certificates.zip\" -d \"${TARGET_BUILD_DIR}/${UNLOCALIZED_RESOURCES_FOLDER_PATH}/android_root/etc/security/cacerts\"\n#fi\n#\n## Copy and sign MOE framework\n#rsync -av --filter \"- CVS/\" --filter \"- .svn/\" --filter \"- .git/\" --filter \"- .hg/\" --filter \"- Headers\" --filter \"- PrivateHeaders\" --filter \"- Modules\" \\\n#    \"${MOE_FRAMEWORK_PATH}/MOE.framework\" \"${TARGET_BUILD_DIR}/${FRAMEWORKS_FOLDER_PATH}/\"\n#if [ \"${ARCHS}\" == \"arm64\" ] || [ \"${ARCHS}\" == \"x86_64\" ]; then\n#    if [ \"${PLATFORM_NAME}\" == \"iphonesimulator\" ]; then\n#        lipo -thin x86_64 -output \"${TARGET_BUILD_DIR}/${FRAMEWORKS_FOLDER_PATH}/MOE.framework/MOE\" \"${MOE_FRAMEWORK_PATH}/MOE.framework/MOE\"\n#    else\n#        lipo -thin arm64 -output \"${TARGET_BUILD_DIR}/${FRAMEWORKS_FOLDER_PATH}/MOE.framework/MOE\" \"${MOE_FRAMEWORK_PATH}/MOE.framework/MOE\"\n#    fi\n#fi\n#if [ -n \"${EXPANDED_CODE_SIGN_IDENTITY}\" -a \"${CODE_SIGNING_REQUIRED}\" != \"NO\" -a \"${CODE_SIGNING_ALLOWED}\" != \"NO\" ]; then\n#    /usr/bin/codesign --force --sign $EXPANDED_CODE_SIGN_IDENTITY $OTHER_CODE_SIGN_FLAGS \\\n#        --preserve-metadata=identifier,entitlements \"${TARGET_BUILD_DIR}/${FRAMEWORKS_FOLDER_PATH}/MOE.framework\"\n#fi\n";
		};
		7D6AC5BB5D0C560997EBA34E /* Compile Sources (MOE) */ = {
			isa = PBXShellScriptBuildPhase;
			buildActionMask = 2147483647;
			files = (
			);
			inputPaths = (
			);
			name = "Compile Sources (MOE)";
			outputPaths = (
			);
			runOnlyForDeploymentPostprocessing = 0;
			shellPath = /bin/bash;
			shellScript = "set -e\n\nexport MOE_BUILD_SOURCE_SET=\"main\"\n\n# Check project directory\nif [ ! -d \"$MOE_PROJECT_DIR\" ]; then\n    echo \"$0:$LINENO:1: error: 'MOE_PROJECT_DIR' doesn't point to a directory!\"; exit 1;\nfi\ncd \"$MOE_PROJECT_DIR\"\n\n# Export JAVA_HOME\nexport JAVA_HOME=$(/usr/libexec/java_home -v 1.8)\n\n# Utility function for finding the Gradle implementation\nfunction findGradle {\n    CD=\"$PWD\"\n    while [ \"$CD\" != \"\" ]; do\n        echo \"Looking for gradlew in $CD\"\n        if [ -x \"$CD/gradlew\" ]; then\n            GRADLE_EXEC=$CD/gradlew\n            return 0\n        fi\n        CD=\"${CD%/*}\"\n    done\n\n    echo \"Checking with 'which'\"\n    GRADLE_EXEC=$(which 'gradle')\n\n    if [ \"$GRADLE_EXEC\" = \"\" ]; then\n        echo \"Failed to locate 'gradle' executable!\"\n        exit 1\n    fi\n}\n\n# Build project with Gradle\nif [ -z \"$MOE_GRADLE_EXTERNAL_BUILD\" ]; then\n    findGradle\n    \"$GRADLE_EXEC\" --no-daemon moeXcodeInternal -s\nfi\n\n# Check output directory\nif [ ! -d \"${MOE_PROJECT_BUILD_DIR}\" ]; then\n    echo \"$0:$LINENO:1: error: 'MOE_PROJECT_BUILD_DIR' doesn't point to a directory!\"; exit 1;\nfi\n\n# Copy some resources\nmkdir -p \"${TARGET_BUILD_DIR}/${UNLOCALIZED_RESOURCES_FOLDER_PATH}\"\n#cp \"${MOE_PROJECT_BUILD_DIR}/moe/${MOE_BUILD_SOURCE_SET}/application.jar\" \"${TARGET_BUILD_DIR}/${UNLOCALIZED_RESOURCES_FOLDER_PATH}/\"\ncp \"${MOE_PROJECT_BUILD_DIR}/moe/${MOE_BUILD_SOURCE_SET}/preregister.txt\" \"${TARGET_BUILD_DIR}/${UNLOCALIZED_RESOURCES_FOLDER_PATH}/\"\nif [ \"${MOE_BUILD_SOURCE_SET}\" == \"test\" ]; then\n    cp \"${MOE_PROJECT_BUILD_DIR}/moe/${MOE_BUILD_SOURCE_SET}/classlist.txt\" \"${TARGET_BUILD_DIR}/${UNLOCALIZED_RESOURCES_FOLDER_PATH}/\"\nfi\n\n## Copy android CA certificates on demand\n#if [ \"${MOE_COPY_ANDROID_CACERTS}\" == \"YES\" ]; then\n#    rm -rf \"${TARGET_BUILD_DIR}/${UNLOCALIZED_RESOURCES_FOLDER_PATH}/android_root/etc/security/cacerts\"\n#    mkdir -p \"${TARGET_BUILD_DIR}/${UNLOCALIZED_RESOURCES_FOLDER_PATH}/android_root/etc/security/cacerts\"\n#    unzip \"${MOE_SDK_PATH}/sdk/moe-core-certificates.zip\" -d \"${TARGET_BUILD_DIR}/${UNLOCALIZED_RESOURCES_FOLDER_PATH}/android_root/etc/security/cacerts\"\n#fi\n#\n## Copy and sign MOE framework\n#rsync -av --filter \"- CVS/\" --filter \"- .svn/\" --filter \"- .git/\" --filter \"- .hg/\" --filter \"- Headers\" --filter \"- PrivateHeaders\" --filter \"- Modules\" \\\n#    \"${MOE_FRAMEWORK_PATH}/MOE.framework\" \"${TARGET_BUILD_DIR}/${FRAMEWORKS_FOLDER_PATH}/\"\n#if [ \"${ARCHS}\" == \"arm64\" ] || [ \"${ARCHS}\" == \"x86_64\" ]; then\n#    if [ \"${PLATFORM_NAME}\" == \"iphonesimulator\" ]; then\n#        lipo -thin x86_64 -output \"${TARGET_BUILD_DIR}/${FRAMEWORKS_FOLDER_PATH}/MOE.framework/MOE\" \"${MOE_FRAMEWORK_PATH}/MOE.framework/MOE\"\n#    else\n#        lipo -thin arm64 -output \"${TARGET_BUILD_DIR}/${FRAMEWORKS_FOLDER_PATH}/MOE.framework/MOE\" \"${MOE_FRAMEWORK_PATH}/MOE.framework/MOE\"\n#    fi\n#fi\n#if [ -n \"${EXPANDED_CODE_SIGN_IDENTITY}\" -a \"${CODE_SIGNING_REQUIRED}\" != \"NO\" -a \"${CODE_SIGNING_ALLOWED}\" != \"NO\" ]; then\n#    /usr/bin/codesign --force --sign $EXPANDED_CODE_SIGN_IDENTITY $OTHER_CODE_SIGN_FLAGS \\\n#        --preserve-metadata=identifier,entitlements \"${TARGET_BUILD_DIR}/${FRAMEWORKS_FOLDER_PATH}/MOE.framework\"\n#fi\n";
		};
/* End PBXShellScriptBuildPhase section */

/* Begin PBXSourcesBuildPhase section */
		6FC0E1CF37F723289147CBCA /* Sources */ = {
			isa = PBXSourcesBuildPhase;
			buildActionMask = 2147483647;
			files = (
				0D2AD088F0B5A56DF22420E5 /* main.cpp in Sources */,
			);
			runOnlyForDeploymentPostprocessing = 0;
		};
		E3CD16FEE64E7480924B5641 /* Sources */ = {
			isa = PBXSourcesBuildPhase;
			buildActionMask = 2147483647;
			files = (
				07D0CAE893B747C55090CF7F /* main.cpp in Sources */,
				2D73D74AD85964941C040A8B /* moe-main-interfaces.m in Sources */,
			);
			runOnlyForDeploymentPostprocessing = 0;
		};
/* End PBXSourcesBuildPhase section */

/* Begin XCBuildConfiguration section */
		02DEB9BA5DB3FAA13DBDE0B2 /* Debug */ = {
			isa = XCBuildConfiguration;
			baseConfigurationReference = 62FDEC7AB877D4DD33EB95F4 /* build.xcconfig */;
			buildSettings = {
				ASSETCATALOG_COMPILER_APPICON_NAME = AppIcon;
				DEAD_CODE_STRIPPING = NO;
				EMBEDDED_CONTENT_CONTAINS_SWIFT = NO;
				ENABLE_BITCODE = NO;
				FRAMEWORK_SEARCH_PATHS = "$(inherited)";
				HEADER_SEARCH_PATHS = (
					"$(inherited)",
					"${MOE_HEADER_SEARCH_PATHS}",
				);
				INFOPLIST_FILE = "Calculator-Test/Info-Test.plist";
				LD_RUNPATH_SEARCH_PATHS = "$(inherited) @executable_path/Frameworks";
				MOE_FRAMEWORK_PATH = "${MOE_SDK_PATH}/sdk/${PLATFORM_NAME}";
				MOE_HEADER_SEARCH_PATHS = "${MOE_LIB_PATH}/include";
				MOE_LIB_PATH = "${MOE_SDK_PATH}/sdk/${PLATFORM_NAME}";
				MOE_OTHER_LDFLAGS = "${MOE_PROJECT_BUILD_DIR}/moe/main/xcode/${CONFIGURATION}${EFFECTIVE_PLATFORM_NAME}/main_${arch}.o ${MOE_PROJECT_BUILD_DIR}/moe/main/xcode/${CONFIGURATION}${EFFECTIVE_PLATFORM_NAME}/llvm_${arch}.o ${MOE_CUSTOM_OTHER_LDFLAGS} -Wl,-force_load,${MOE_LIB_PATH}/libmoe.a -lstdc++ -lpthread -Wl,-framework,Foundation -Wl,-framework,UniformTypeIdentifiers -Wl,-framework,CoreServices";
				"MOE_PAGEZERO[sdk=iphoneos*]" = "";
				MOE_PROJECT_BUILD_DIR = "${MOE_PROJECT_DIR}/build";
				MOE_PROJECT_DIR = "${SRCROOT}/../";
				MOE_SDK_PATH = "${MOE_PROJECT_BUILD_DIR}/moe/sdk";
				MOE_SECT_OAT = "-sectcreate __OATDATA __oatdata \"${MOE_PROJECT_BUILD_DIR}/moe/test/xcode/${CONFIGURATION}${EFFECTIVE_PLATFORM_NAME}/${arch}.oat\"";
				"MOE_SEGPROT[sdk=iphonesimulator*]" = "-segprot __OATDATA rwx rx -segprot __ARTDATA rwx rw";
				ONLY_ACTIVE_ARCH = YES;
				OTHER_LDFLAGS = (
					"${MOE_OTHER_LDFLAGS}",
					"$(inherited)",
				);
				PRODUCT_NAME = "Calculator-Test";
				STRIP_STYLE = "non-global";
			};
			name = Debug;
		};
		0F0734B555A0FC7F10EAC381 /* Release */ = {
			isa = XCBuildConfiguration;
			baseConfigurationReference = 62FDEC7AB877D4DD33EB95F4 /* build.xcconfig */;
			buildSettings = {
				ASSETCATALOG_COMPILER_APPICON_NAME = AppIcon;
				DEAD_CODE_STRIPPING = NO;
				EMBEDDED_CONTENT_CONTAINS_SWIFT = NO;
				ENABLE_BITCODE = NO;
				FRAMEWORK_SEARCH_PATHS = "$(inherited)";
				HEADER_SEARCH_PATHS = (
					"$(inherited)",
					"${MOE_HEADER_SEARCH_PATHS}",
				);
				INFOPLIST_FILE = "Calculator-Test/Info-Test.plist";
				LD_RUNPATH_SEARCH_PATHS = "$(inherited) @executable_path/Frameworks";
				MOE_FRAMEWORK_PATH = "${MOE_SDK_PATH}/sdk/${PLATFORM_NAME}";
				MOE_HEADER_SEARCH_PATHS = "${MOE_LIB_PATH}/include";
				MOE_LIB_PATH = "${MOE_SDK_PATH}/sdk/${PLATFORM_NAME}";
				MOE_OTHER_LDFLAGS = "${MOE_PROJECT_BUILD_DIR}/moe/main/xcode/${CONFIGURATION}${EFFECTIVE_PLATFORM_NAME}/main_${arch}.o ${MOE_PROJECT_BUILD_DIR}/moe/main/xcode/${CONFIGURATION}${EFFECTIVE_PLATFORM_NAME}/llvm_${arch}.o ${MOE_CUSTOM_OTHER_LDFLAGS} -Wl,-force_load,${MOE_LIB_PATH}/libmoe.a -lstdc++ -lpthread -Wl,-framework,Foundation -Wl,-framework,UniformTypeIdentifiers -Wl,-framework,CoreServices";
				"MOE_PAGEZERO[sdk=iphoneos*]" = "";
				MOE_PROJECT_BUILD_DIR = "${MOE_PROJECT_DIR}/build";
				MOE_PROJECT_DIR = "${SRCROOT}/../";
				MOE_SDK_PATH = "${MOE_PROJECT_BUILD_DIR}/moe/sdk";
				MOE_SECT_OAT = "-sectcreate __OATDATA __oatdata \"${MOE_PROJECT_BUILD_DIR}/moe/test/xcode/${CONFIGURATION}${EFFECTIVE_PLATFORM_NAME}/${arch}.oat\"";
				"MOE_SEGPROT[sdk=iphonesimulator*]" = "-segprot __OATDATA rwx rx -segprot __ARTDATA rwx rw";
				ONLY_ACTIVE_ARCH = NO;
				OTHER_LDFLAGS = (
					"${MOE_OTHER_LDFLAGS}",
					"$(inherited)",
				);
				PRODUCT_NAME = "Calculator-Test";
				STRIP_STYLE = "non-global";
			};
			name = Release;
		};
		2B701F85127D1CF912C6D5F1 /* Release */ = {
			isa = XCBuildConfiguration;
			baseConfigurationReference = FE2C010386636D9ECFF023D6 /* build.xcconfig */;
			buildSettings = {
				ASSETCATALOG_COMPILER_APPICON_NAME = AppIcon;
				DEAD_CODE_STRIPPING = NO;
				EMBEDDED_CONTENT_CONTAINS_SWIFT = NO;
				ENABLE_BITCODE = NO;
				FRAMEWORK_SEARCH_PATHS = "$(inherited)";
				HEADER_SEARCH_PATHS = (
					"$(inherited)",
					"${MOE_HEADER_SEARCH_PATHS}",
				);
				INFOPLIST_FILE = Calculator/Info.plist;
				LD_RUNPATH_SEARCH_PATHS = "$(inherited) @executable_path/Frameworks";
				MOE_FRAMEWORK_PATH = "${MOE_SDK_PATH}/sdk/${PLATFORM_NAME}";
				MOE_HEADER_SEARCH_PATHS = "${MOE_LIB_PATH}/include";
				MOE_LIB_PATH = "${MOE_SDK_PATH}/sdk/${PLATFORM_NAME}";
				MOE_OTHER_LDFLAGS = "${MOE_PROJECT_BUILD_DIR}/moe/main/xcode/${CONFIGURATION}${EFFECTIVE_PLATFORM_NAME}/main_${arch}.o ${MOE_PROJECT_BUILD_DIR}/moe/main/xcode/${CONFIGURATION}${EFFECTIVE_PLATFORM_NAME}/llvm_${arch}.o ${MOE_CUSTOM_OTHER_LDFLAGS} -Wl,-force_load,${MOE_LIB_PATH}/libmoe.a -lstdc++ -lpthread -Wl,-framework,Foundation -Wl,-framework,UniformTypeIdentifiers -Wl,-framework,CoreServices";
				"MOE_PAGEZERO[sdk=iphoneos*]" = "";
				MOE_PROJECT_BUILD_DIR = "${MOE_PROJECT_DIR}/build";
				MOE_PROJECT_DIR = "${SRCROOT}/../";
				MOE_SDK_PATH = "${MOE_PROJECT_BUILD_DIR}/moe/sdk";
				MOE_SECT_OAT = "-sectcreate __OATDATA __oatdata \"${MOE_PROJECT_BUILD_DIR}/moe/main/xcode/${CONFIGURATION}${EFFECTIVE_PLATFORM_NAME}/${arch}.oat\"";
				"MOE_SEGPROT[sdk=iphonesimulator*]" = "-segprot __OATDATA rwx rx -segprot __ARTDATA rwx rw";
				ONLY_ACTIVE_ARCH = NO;
				OTHER_LDFLAGS = (
					"${MOE_OTHER_LDFLAGS}",
					"$(inherited)",
				);
				PRODUCT_NAME = Calculator;
				STRIP_STYLE = "non-global";
			};
			name = Release;
		};
		919021DE16F31A92CD826A76 /* Release */ = {
			isa = XCBuildConfiguration;
			buildSettings = {
				ALWAYS_SEARCH_USER_PATHS = NO;
				"ARCHS[sdk=iphoneos*]" = arm64;
				"ARCHS[sdk=iphonesimulator*]" = x86_64;
				CLANG_CXX_LANGUAGE_STANDARD = "gnu++0x";
				CLANG_CXX_LIBRARY = "libc++";
				CLANG_ENABLE_MODULES = YES;
				CLANG_ENABLE_OBJC_ARC = YES;
				CLANG_WARN_BOOL_CONVERSION = YES;
				CLANG_WARN_CONSTANT_CONVERSION = YES;
				CLANG_WARN_DIRECT_OBJC_ISA_USAGE = YES_ERROR;
				CLANG_WARN_EMPTY_BODY = YES;
				CLANG_WARN_ENUM_CONVERSION = YES;
				CLANG_WARN_INT_CONVERSION = YES;
				CLANG_WARN_OBJC_ROOT_CLASS = YES_ERROR;
				CLANG_WARN_UNREACHABLE_CODE = YES;
				CLANG_WARN__DUPLICATE_METHOD_MATCH = YES;
				"CODE_SIGN_IDENTITY[sdk=iphoneos*]" = "iPhone Developer";
				COPY_PHASE_STRIP = YES;
				ENABLE_NS_ASSERTIONS = NO;
				ENABLE_STRICT_OBJC_MSGSEND = YES;
				FRAMEWORK_SEARCH_PATHS = (
					"$(inherited)",
					"${MOE_FRAMEWORK_PATH}",
				);
				GCC_C_LANGUAGE_STANDARD = gnu99;
				GCC_WARN_64_TO_32_BIT_CONVERSION = YES;
				GCC_WARN_ABOUT_RETURN_TYPE = YES_ERROR;
				GCC_WARN_UNDECLARED_SELECTOR = YES;
				GCC_WARN_UNINITIALIZED_AUTOS = YES_AGGRESSIVE;
				GCC_WARN_UNUSED_FUNCTION = YES;
				GCC_WARN_UNUSED_VARIABLE = YES;
				IPHONEOS_DEPLOYMENT_TARGET = 11.0;
				LD_RUNPATH_SEARCH_PATHS = "$(inherited) @executable_path/Frameworks";
				MOE_VERSION = 2.0.0;
				MTL_ENABLE_DEBUG_INFO = NO;
				SDKROOT = iphoneos;
				SYMROOT = "$(SRCROOT)/../build/moe/xcodebuild/sym";
				TARGETED_DEVICE_FAMILY = "1,2";
				VALIDATE_PRODUCT = YES;
			};
			name = Release;
		};
		ADF6E65D237EEC0EE01C33EB /* Debug */ = {
			isa = XCBuildConfiguration;
			buildSettings = {
				ALWAYS_SEARCH_USER_PATHS = NO;
				"ARCHS[sdk=iphoneos*]" = arm64;
				"ARCHS[sdk=iphonesimulator*]" = x86_64;
				CLANG_CXX_LANGUAGE_STANDARD = "gnu++0x";
				CLANG_CXX_LIBRARY = "libc++";
				CLANG_ENABLE_MODULES = YES;
				CLANG_ENABLE_OBJC_ARC = YES;
				CLANG_WARN_BOOL_CONVERSION = YES;
				CLANG_WARN_CONSTANT_CONVERSION = YES;
				CLANG_WARN_DIRECT_OBJC_ISA_USAGE = YES_ERROR;
				CLANG_WARN_EMPTY_BODY = YES;
				CLANG_WARN_ENUM_CONVERSION = YES;
				CLANG_WARN_INT_CONVERSION = YES;
				CLANG_WARN_OBJC_ROOT_CLASS = YES_ERROR;
				CLANG_WARN_UNREACHABLE_CODE = YES;
				CLANG_WARN__DUPLICATE_METHOD_MATCH = YES;
				"CODE_SIGN_IDENTITY[sdk=iphoneos*]" = "iPhone Developer";
				COPY_PHASE_STRIP = NO;
				ENABLE_STRICT_OBJC_MSGSEND = YES;
				FRAMEWORK_SEARCH_PATHS = (
					"$(inherited)",
					"${MOE_FRAMEWORK_PATH}",
				);
				GCC_C_LANGUAGE_STANDARD = gnu99;
				GCC_DYNAMIC_NO_PIC = NO;
				GCC_OPTIMIZATION_LEVEL = 0;
				GCC_PREPROCESSOR_DEFINITIONS = (
					"DEBUG=1",
					"$(inherited)",
				);
				GCC_SYMBOLS_PRIVATE_EXTERN = NO;
				GCC_WARN_64_TO_32_BIT_CONVERSION = YES;
				GCC_WARN_ABOUT_RETURN_TYPE = YES_ERROR;
				GCC_WARN_UNDECLARED_SELECTOR = YES;
				GCC_WARN_UNINITIALIZED_AUTOS = YES_AGGRESSIVE;
				GCC_WARN_UNUSED_FUNCTION = YES;
				GCC_WARN_UNUSED_VARIABLE = YES;
				IPHONEOS_DEPLOYMENT_TARGET = 11.0;
				LD_RUNPATH_SEARCH_PATHS = "$(inherited) @executable_path/Frameworks";
				MOE_VERSION = 2.0.0;
				MTL_ENABLE_DEBUG_INFO = YES;
				SDKROOT = iphoneos;
				SYMROOT = "$(SRCROOT)/../build/moe/xcodebuild/sym";
				TARGETED_DEVICE_FAMILY = "1,2";
			};
			name = Debug;
		};
		EEF953288E26D4EAB1E233FA /* Debug */ = {
			isa = XCBuildConfiguration;
			baseConfigurationReference = FE2C010386636D9ECFF023D6 /* build.xcconfig */;
			buildSettings = {
				ASSETCATALOG_COMPILER_APPICON_NAME = AppIcon;
				DEAD_CODE_STRIPPING = NO;
				EMBEDDED_CONTENT_CONTAINS_SWIFT = NO;
				ENABLE_BITCODE = NO;
				FRAMEWORK_SEARCH_PATHS = "$(inherited)";
				HEADER_SEARCH_PATHS = (
					"$(inherited)",
					"${MOE_HEADER_SEARCH_PATHS}",
				);
				INFOPLIST_FILE = Calculator/Info.plist;
				LD_RUNPATH_SEARCH_PATHS = "$(inherited) @executable_path/Frameworks";
				MOE_FRAMEWORK_PATH = "${MOE_SDK_PATH}/sdk/${PLATFORM_NAME}";
				MOE_HEADER_SEARCH_PATHS = "${MOE_LIB_PATH}/include";
				MOE_LIB_PATH = "${MOE_SDK_PATH}/sdk/${PLATFORM_NAME}";
				MOE_OTHER_LDFLAGS = "${MOE_PROJECT_BUILD_DIR}/moe/main/xcode/${CONFIGURATION}${EFFECTIVE_PLATFORM_NAME}/main_${arch}.o ${MOE_PROJECT_BUILD_DIR}/moe/main/xcode/${CONFIGURATION}${EFFECTIVE_PLATFORM_NAME}/llvm_${arch}.o ${MOE_CUSTOM_OTHER_LDFLAGS} -Wl,-force_load,${MOE_LIB_PATH}/libmoe.a -lstdc++ -lpthread -Wl,-framework,Foundation -Wl,-framework,UniformTypeIdentifiers -Wl,-framework,CoreServices";
				"MOE_PAGEZERO[sdk=iphoneos*]" = "";
				MOE_PROJECT_BUILD_DIR = "${MOE_PROJECT_DIR}/build";
				MOE_PROJECT_DIR = "${SRCROOT}/../";
				MOE_SDK_PATH = "${MOE_PROJECT_BUILD_DIR}/moe/sdk";
				MOE_SECT_OAT = "-sectcreate __OATDATA __oatdata \"${MOE_PROJECT_BUILD_DIR}/moe/main/xcode/${CONFIGURATION}${EFFECTIVE_PLATFORM_NAME}/${arch}.oat\"";
				"MOE_SEGPROT[sdk=iphonesimulator*]" = "-segprot __OATDATA rwx rx -segprot __ARTDATA rwx rw";
				ONLY_ACTIVE_ARCH = YES;
				OTHER_LDFLAGS = (
					"${MOE_OTHER_LDFLAGS}",
					"$(inherited)",
				);
				PRODUCT_NAME = Calculator;
				STRIP_STYLE = "non-global";
			};
			name = Debug;
		};
/* End XCBuildConfiguration section */

/* Begin XCConfigurationList section */
		54E3C450528B797AD37DA587 /* Build configuration list for PBXNativeTarget "Calculator-Test" */ = {
			isa = XCConfigurationList;
			buildConfigurations = (
				02DEB9BA5DB3FAA13DBDE0B2 /* Debug */,
				0F0734B555A0FC7F10EAC381 /* Release */,
			);
			defaultConfigurationIsVisible = 0;
			defaultConfigurationName = Release;
		};
		95D16CAB8CB4D374A5643D2D /* Build configuration list for PBXProject "Calculator" */ = {
			isa = XCConfigurationList;
			buildConfigurations = (
				ADF6E65D237EEC0EE01C33EB /* Debug */,
				919021DE16F31A92CD826A76 /* Release */,
			);
			defaultConfigurationIsVisible = 0;
			defaultConfigurationName = Release;
		};
		BF31D491866F5FEDC3B3D9A6 /* Build configuration list for PBXNativeTarget "Calculator" */ = {
			isa = XCConfigurationList;
			buildConfigurations = (
				EEF953288E26D4EAB1E233FA /* Debug */,
				2B701F85127D1CF912C6D5F1 /* Release */,
			);
			defaultConfigurationIsVisible = 0;
			defaultConfigurationName = Release;
		};
/* End XCConfigurationList section */
	};
	rootObject = E8754E9829B30FFA914E7B50 /* Project object */;
}
